{
  "version": 4,
  "terraform_version": "1.10.5",
  "serial": 1,
  "lineage": "c9dffa6c-86c5-65d9-0370-8b48a08912ef",
  "outputs": {},
  "resources": [
    {
      "mode": "managed",
      "type": "oci_database_autonomous_database",
      "name": "test_autonomous_database",
      "provider": "provider[\"registry.terraform.io/oracle/oci\"]",
      "instances": [
        {
          "schema_version": 0,
          "attributes": {
            "actual_used_data_storage_size_in_tbs": 0,
            "admin_password": "P@$$w0rd2024",
            "allocated_storage_size_in_tbs": 0,
            "apex_details": [
              {
                "apex_version": "",
                "ords_version": "24.3.2.312.1009"
              }
            ],
            "are_primary_whitelisted_ips_used": null,
            "auto_refresh_frequency_in_seconds": null,
            "auto_refresh_point_lag_in_seconds": null,
            "autonomous_container_database_id": null,
            "autonomous_database_backup_id": null,
            "autonomous_database_id": null,
            "autonomous_maintenance_schedule_type": "REGULAR",
            "availability_domain": "wQJW:SA-SAOPAULO-1-AD-1",
            "available_upgrade_versions": [],
            "backup_config": [
              {
                "manual_backup_bucket_name": "",
                "manual_backup_type": "NONE"
              }
            ],
            "backup_retention_period_in_days": 60,
            "byol_compute_count_limit": null,
            "character_set": "AL32UTF8",
            "clone_type": null,
            "cluster_placement_group_id": null,
            "compartment_id": "ocid1.compartment.oc1..aaaaaaaa2jygjskrbkrl4rkej3ufwmju5d754trldifxeg33par7dbzzrmza",
            "compute_count": 1,
            "compute_model": "ECPU",
            "connection_strings": [
              {
                "all_connection_strings": {
                  "HIGH": "adb.sa-saopaulo-1.oraclecloud.com:1522/g4b79ae16a7fd51_primeirodb_high.adb.oraclecloud.com",
                  "LOW": "adb.sa-saopaulo-1.oraclecloud.com:1522/g4b79ae16a7fd51_primeirodb_low.adb.oraclecloud.com",
                  "MEDIUM": "adb.sa-saopaulo-1.oraclecloud.com:1522/g4b79ae16a7fd51_primeirodb_medium.adb.oraclecloud.com"
                },
                "dedicated": "",
                "high": "adb.sa-saopaulo-1.oraclecloud.com:1522/g4b79ae16a7fd51_primeirodb_high.adb.oraclecloud.com",
                "low": "adb.sa-saopaulo-1.oraclecloud.com:1522/g4b79ae16a7fd51_primeirodb_low.adb.oraclecloud.com",
                "medium": "adb.sa-saopaulo-1.oraclecloud.com:1522/g4b79ae16a7fd51_primeirodb_medium.adb.oraclecloud.com",
                "profiles": [
                  {
                    "consumer_group": "HIGH",
                    "display_name": "primeirodb_high",
                    "host_format": "FQDN",
                    "is_regional": false,
                    "protocol": "TCPS",
                    "session_mode": "DIRECT",
                    "syntax_format": "LONG",
                    "tls_authentication": "MUTUAL",
                    "value": "(description= (retry_count=20)(retry_delay=3)(address=(protocol=tcps)(port=1522)(host=adb.sa-saopaulo-1.oraclecloud.com))(connect_data=(service_name=g4b79ae16a7fd51_primeirodb_high.adb.oraclecloud.com))(security=(ssl_server_dn_match=yes)))"
                  },
                  {
                    "consumer_group": "LOW",
                    "display_name": "primeirodb_low",
                    "host_format": "FQDN",
                    "is_regional": false,
                    "protocol": "TCPS",
                    "session_mode": "DIRECT",
                    "syntax_format": "LONG",
                    "tls_authentication": "MUTUAL",
                    "value": "(description= (retry_count=20)(retry_delay=3)(address=(protocol=tcps)(port=1522)(host=adb.sa-saopaulo-1.oraclecloud.com))(connect_data=(service_name=g4b79ae16a7fd51_primeirodb_low.adb.oraclecloud.com))(security=(ssl_server_dn_match=yes)))"
                  },
                  {
                    "consumer_group": "MEDIUM",
                    "display_name": "primeirodb_medium",
                    "host_format": "FQDN",
                    "is_regional": false,
                    "protocol": "TCPS",
                    "session_mode": "DIRECT",
                    "syntax_format": "LONG",
                    "tls_authentication": "MUTUAL",
                    "value": "(description= (retry_count=20)(retry_delay=3)(address=(protocol=tcps)(port=1522)(host=adb.sa-saopaulo-1.oraclecloud.com))(connect_data=(service_name=g4b79ae16a7fd51_primeirodb_medium.adb.oraclecloud.com))(security=(ssl_server_dn_match=yes)))"
                  }
                ]
              }
            ],
            "connection_urls": [
              {
                "apex_url": "https://G4B79AE16A7FD51-PRIMEIRODB.adb.sa-saopaulo-1.oraclecloudapps.com/ords/apex",
                "database_transforms_url": "https://G4B79AE16A7FD51-PRIMEIRODB.adb.sa-saopaulo-1.oraclecloudapps.com/odi/",
                "graph_studio_url": "https://G4B79AE16A7FD51-PRIMEIRODB.adb.sa-saopaulo-1.oraclecloudapps.com/graphstudio/",
                "machine_learning_notebook_url": "https://G4B79AE16A7FD51-PRIMEIRODB.adb.sa-saopaulo-1.oraclecloudapps.com/oml/",
                "machine_learning_user_management_url": "https://G4B79AE16A7FD51-PRIMEIRODB.adb.sa-saopaulo-1.oraclecloudapps.com/omlusers/",
                "mongo_db_url": "",
                "ords_url": "https://G4B79AE16A7FD51-PRIMEIRODB.adb.sa-saopaulo-1.oraclecloudapps.com/ords/",
                "sql_dev_web_url": "https://G4B79AE16A7FD51-PRIMEIRODB.adb.sa-saopaulo-1.oraclecloudapps.com/ords/sql-developer"
              }
            ],
            "cpu_core_count": 0,
            "customer_contacts": [],
            "data_safe_status": "NOT_REGISTERED",
            "data_storage_size_in_gb": 20,
            "data_storage_size_in_tbs": 1,
            "database_edition": "",
            "database_management_status": "",
            "dataguard_region_type": "",
            "db_name": "primeirodb",
            "db_tools_details": [
              {
                "compute_count": 0,
                "is_enabled": true,
                "max_idle_time_in_minutes": 0,
                "name": "APEX"
              },
              {
                "compute_count": 0,
                "is_enabled": true,
                "max_idle_time_in_minutes": 0,
                "name": "DATABASE_ACTIONS"
              },
              {
                "compute_count": 0,
                "is_enabled": true,
                "max_idle_time_in_minutes": 0,
                "name": "MONGODB_API"
              },
              {
                "compute_count": 0,
                "is_enabled": true,
                "max_idle_time_in_minutes": 0,
                "name": "ORDS"
              },
              {
                "compute_count": 2,
                "is_enabled": true,
                "max_idle_time_in_minutes": 10,
                "name": "DATA_TRANSFORMS"
              },
              {
                "compute_count": 2,
                "is_enabled": true,
                "max_idle_time_in_minutes": 240,
                "name": "GRAPH_STUDIO"
              },
              {
                "compute_count": 2,
                "is_enabled": true,
                "max_idle_time_in_minutes": 60,
                "name": "OML"
              }
            ],
            "db_version": "19c",
            "db_workload": "DW",
            "defined_tags": {
              "Oracle-Tags.CreatedBy": "default/brasleiro01@gmail.com",
              "Oracle-Tags.CreatedOn": "2025-02-10T19:39:33.941Z"
            },
            "disaster_recovery_region_type": "",
            "disaster_recovery_type": null,
            "display_name": "PrimeiroDB",
            "encryption_key": [
              {
                "arn_role": "",
                "autonomous_database_provider": "ORACLE_MANAGED",
                "certificate_directory_name": "",
                "certificate_id": "",
                "directory_name": "",
                "external_id": "",
                "key_arn": "",
                "key_name": "",
                "kms_key_id": "",
                "okv_kms_key": "",
                "okv_uri": "",
                "service_endpoint_uri": "",
                "vault_id": "",
                "vault_uri": ""
              }
            ],
            "encryption_key_history_entry": [
              {
                "encryption_key": [
                  {
                    "arn_role": "",
                    "autonomous_database_provider": "ORACLE_MANAGED",
                    "certificate_directory_name": "",
                    "certificate_id": "",
                    "directory_name": "",
                    "external_id": "",
                    "key_arn": "",
                    "key_name": "",
                    "kms_key_id": "",
                    "okv_kms_key": "",
                    "okv_uri": "",
                    "service_endpoint_uri": "",
                    "vault_id": "",
                    "vault_uri": ""
                  }
                ],
                "time_activated": "2025-02-10 19:40:16.22 +0000 UTC"
              }
            ],
            "failed_data_recovery_in_seconds": null,
            "freeform_tags": {},
            "id": "ocid1.autonomousdatabase.oc1.sa-saopaulo-1.antxeljrhc4o7dyali7qg5jjv3ihl374fidbymfvyrfioxjjtxwkfevk4c6a",
            "in_memory_area_in_gbs": null,
            "in_memory_percentage": null,
            "infrastructure_type": "",
            "is_access_control_enabled": null,
            "is_auto_scaling_enabled": false,
            "is_auto_scaling_for_storage_enabled": false,
            "is_backup_retention_locked": null,
            "is_data_guard_enabled": false,
            "is_dedicated": false,
            "is_dev_tier": null,
            "is_disconnect_peer": null,
            "is_free_tier": true,
            "is_local_data_guard_enabled": false,
            "is_mtls_connection_required": true,
            "is_preview": false,
            "is_preview_version_with_service_terms_accepted": null,
            "is_reconnect_clone_enabled": null,
            "is_refreshable_clone": null,
            "is_remote_data_guard_enabled": false,
            "is_replicate_automatic_backups": null,
            "is_shrink_only": null,
            "key_history_entry": [
              {
                "id": "ORACLE_MANAGED_KEY",
                "kms_key_version_id": "",
                "time_activated": "2025-02-10 19:40:16.22 +0000 UTC",
                "vault_id": ""
              }
            ],
            "key_store_id": null,
            "key_store_wallet_name": null,
            "key_version_id": null,
            "kms_key_id": "ORACLE_MANAGED_KEY",
            "kms_key_lifecycle_details": null,
            "kms_key_version_id": null,
            "license_model": "LICENSE_INCLUDED",
            "lifecycle_details": null,
            "local_adg_auto_failover_max_data_loss_limit": null,
            "local_disaster_recovery_type": "",
            "local_standby_db": [],
            "long_term_backup_schedule": [],
            "max_cpu_core_count": null,
            "memory_per_oracle_compute_unit_in_gbs": null,
            "ncharacter_set": "AL16UTF16",
            "net_services_architecture": "",
            "next_long_term_backup_time_stamp": null,
            "nsg_ids": [],
            "ocpu_count": null,
            "open_mode": "READ_WRITE",
            "operations_insights_status": "NOT_ENABLED",
            "peer_db_id": null,
            "peer_db_ids": [],
            "permission_level": "UNRESTRICTED",
            "private_endpoint": null,
            "private_endpoint_ip": null,
            "private_endpoint_label": null,
            "provisionable_cpus": [],
            "public_connection_urls": [],
            "public_endpoint": null,
            "refreshable_mode": null,
            "refreshable_status": "",
            "remote_disaster_recovery_configuration": [],
            "remote_disaster_recovery_type": null,
            "resource_pool_leader_id": null,
            "resource_pool_summary": [
              {
                "is_disabled": true,
                "pool_size": 0
              }
            ],
            "role": "",
            "rotate_key_trigger": null,
            "scheduled_operations": [],
            "secret_id": null,
            "secret_version_number": null,
            "security_attributes": {},
            "service_console_url": null,
            "shrink_adb_trigger": null,
            "source": null,
            "source_id": null,
            "standby_db": [],
            "standby_whitelisted_ips": [],
            "state": "AVAILABLE",
            "subnet_id": null,
            "subscription_id": null,
            "supported_regions_to_clone_to": [
              "IAD",
              "SCL",
              "VCP"
            ],
            "switchover_to": null,
            "switchover_to_remote_peer_id": null,
            "system_tags": {
              "orcl-cloud.free-tier-retained": "true"
            },
            "time_created": "2025-02-10 19:39:33.957 +0000 UTC",
            "time_data_guard_role_changed": null,
            "time_deletion_of_free_autonomous_database": null,
            "time_disaster_recovery_role_changed": null,
            "time_local_data_guard_enabled": null,
            "time_maintenance_begin": "2025-02-15 03:00:00 +0000 UTC",
            "time_maintenance_end": "2025-02-15 05:00:00 +0000 UTC",
            "time_of_auto_refresh_start": null,
            "time_of_joining_resource_pool": null,
            "time_of_last_failover": null,
            "time_of_last_refresh": null,
            "time_of_last_refresh_point": null,
            "time_of_last_switchover": null,
            "time_of_next_refresh": null,
            "time_reclamation_of_free_autonomous_database": null,
            "time_undeleted": null,
            "time_until_reconnect_clone_enabled": null,
            "timeouts": null,
            "timestamp": null,
            "total_backup_storage_size_in_gbs": null,
            "use_latest_available_backup_time_stamp": null,
            "used_data_storage_size_in_gbs": null,
            "used_data_storage_size_in_tbs": null,
            "vault_id": null,
            "whitelisted_ips": null
          },
          "sensitive_attributes": [
            [
              {
                "type": "get_attr",
                "value": "admin_password"
              }
            ]
          ],
          "private": "eyJlMmJmYjczMC1lY2FhLTExZTYtOGY4OC0zNDM2M2JjN2M0YzAiOnsiY3JlYXRlIjo0MzIwMDAwMDAwMDAwMCwiZGVsZXRlIjo0MzIwMDAwMDAwMDAwMCwidXBkYXRlIjo0MzIwMDAwMDAwMDAwMH19"
        }
      ]
    }
  ],
  "check_results": null
}
